
Microsoft Visual Studio Solution File, Format Version 12.00
# Visual Studio 15
VisualStudioVersion = 15.0.28307.1231
MinimumVisualStudioVersion = 10.0.40219.1
Project("{9A19103F-16F7-4668-BE54-9A1E7A4F7556}") = "webka", "webka\webka.csproj", "{D013CF79-2C3B-435C-AFF5-FE3C535276B8}"
EndProject
Global
	GlobalSection(SolutionConfigurationPlatforms) = preSolution
		Debug|Any CPU = Debug|Any CPU
		Release|Any CPU = Release|Any CPU
	EndGlobalSection
	GlobalSection(ProjectConfigurationPlatforms) = postSolution
		{D013CF79-2C3B-435C-AFF5-FE3C535276B8}.Debug|Any CPU.ActiveCfg = Debug|Any CPU
		{D013CF79-2C3B-435C-AFF5-FE3C535276B8}.Debug|Any CPU.Build.0 = Debug|Any CPU
		{D013CF79-2C3B-435C-AFF5-FE3C535276B8}.Release|Any CPU.ActiveCfg = Release|Any CPU
		{D013CF79-2C3B-435C-AFF5-FE3C535276B8}.Release|Any CPU.Build.0 = Release|Any CPU
	EndGlobalSection
	GlobalSection(SolutionProperties) = preSolution
		HideSolutionNode = FALSE
	EndGlobalSection
	GlobalSection(ExtensibilityGlobals) = postSolution
		SolutionGuid = {073A5590-0C69-40A7-B044-603FDAA6FB26}
	EndGlobalSection
EndGlobal
